{
  "version": "5",
  "redirects": {
    "https://deno.land/x/sentry/index.mjs": "https://deno.land/x/sentry@8.55.0/index.mjs",
    "https://esm.sh/@supabase/supabase-js@2": "https://esm.sh/@supabase/supabase-js@2.75.0",
    "https://esm.sh/tr46@~0.0.3?target=denonext": "https://esm.sh/tr46@0.0.3?target=denonext",
    "https://esm.sh/webidl-conversions@^3.0.0?target=denonext": "https://esm.sh/webidl-conversions@3.0.1?target=denonext",
    "https://esm.sh/whatwg-url@^5.0.0?target=denonext": "https://esm.sh/whatwg-url@5.0.0?target=denonext"
  },
  "remote": {
    "https://deno.land/std@0.168.0/async/abortable.ts": "80b2ac399f142cc528f95a037a7d0e653296352d95c681e284533765961de409",
    "https://deno.land/std@0.168.0/async/deadline.ts": "2c2deb53c7c28ca1dda7a3ad81e70508b1ebc25db52559de6b8636c9278fd41f",
    "https://deno.land/std@0.168.0/async/debounce.ts": "60301ffb37e730cd2d6f9dadfd0ecb2a38857681bd7aaf6b0a106b06e5210a98",
    "https://deno.land/std@0.168.0/async/deferred.ts": "77d3f84255c3627f1cc88699d8472b664d7635990d5358c4351623e098e917d6",
    "https://deno.land/std@0.168.0/async/delay.ts": "5a9bfba8de38840308a7a33786a0155a7f6c1f7a859558ddcec5fe06e16daf57",
    "https://deno.land/std@0.168.0/async/mod.ts": "7809ad4bb223e40f5fdc043e5c7ca04e0e25eed35c32c3c32e28697c553fa6d9",
    "https://deno.land/std@0.168.0/async/mux_async_iterator.ts": "770a0ff26c59f8bbbda6b703a2235f04e379f73238e8d66a087edc68c2a2c35f",
    "https://deno.land/std@0.168.0/async/pool.ts": "6854d8cd675a74c73391c82005cbbe4cc58183bddcd1fbbd7c2bcda42b61cf69",
    "https://deno.land/std@0.168.0/async/retry.ts": "e8e5173623915bbc0ddc537698fa418cf875456c347eda1ed453528645b42e67",
    "https://deno.land/std@0.168.0/async/tee.ts": "3a47cc4e9a940904fd4341f0224907e199121c80b831faa5ec2b054c6d2eff5e",
    "https://deno.land/std@0.168.0/http/server.ts": "e99c1bee8a3f6571ee4cdeb2966efad465b8f6fe62bec1bdb59c1f007cc4d155",
    "https://deno.land/x/sentry@8.55.0/index.mjs": "573a1f82e1528ad6d211cb4945c2df63168d038b500f80922efce0e8cff801cb",
    "https://esm.sh/@sentry/deno@7.77.0": "2087a2b48e682398328fc2734ea54c1c4141af3c3c99496dd0c036f86a06e193",
    "https://esm.sh/@supabase/auth-js@2.75.0/denonext/auth-js.mjs": "430a8a8de6764682d846fbffcf1f82957393bb708c5b37f479bd350572ad9661",
    "https://esm.sh/@supabase/functions-js@2.75.0/denonext/functions-js.mjs": "bcd848bbed8650f8465f73840f7ef7c288f4922db3f8a15471eaa0a8115ff386",
    "https://esm.sh/@supabase/node-fetch@2.6.15/denonext/node-fetch.mjs": "0bae9052231f4f6dbccc7234d05ea96923dbf967be12f402764580b6bf9f713d",
    "https://esm.sh/@supabase/postgrest-js@2.75.0/denonext/postgrest-js.mjs": "0aecc5e89bdb6ec1dc4c6261db9fe593c4d8e5fc043c452db38f2a41a3313d4a",
    "https://esm.sh/@supabase/realtime-js@2.75.0/denonext/realtime-js.mjs": "bc08511459399892d0fbe0327d39f037879228ca1ec2148adc6a82e21ed476e7",
    "https://esm.sh/@supabase/storage-js@2.75.0/denonext/storage-js.mjs": "58ea911c641ef0804bbad1af0949f3bc7a07cd611c1205862a1e83d3930de4af",
    "https://esm.sh/@supabase/supabase-js@2.0.0": "9ad3ba5c16116566aed94f54eee127c1a6d25749372d4e078443b60c083a46c0",
    "https://esm.sh/@supabase/supabase-js@2.39.3": "832d7714491bd1c8a9008a332b35cb099f24b451ad79e755ecf4d71985fd6610",
    "https://esm.sh/@supabase/supabase-js@2.75.0": "2560166a94e3385c37b1c4fa943ee9c729a44e92fc9c61c03037852dc494853e",
    "https://esm.sh/@supabase/supabase-js@2.75.0/denonext/supabase-js.mjs": "01b2173b174f48646d07ab419216688a424a23dffee6d1b74db5a87046fa9759",
    "https://esm.sh/tr46@0.0.3/denonext/tr46.mjs": "5753ec0a99414f4055f0c1f97691100f13d88e48a8443b00aebb90a512785fa2",
    "https://esm.sh/tr46@0.0.3?target=denonext": "19cb9be0f0d418a0c3abb81f2df31f080e9540a04e43b0f699bce1149cba0cbb",
    "https://esm.sh/webidl-conversions@3.0.1/denonext/webidl-conversions.mjs": "54b5c2d50a294853c4ccebf9d5ed8988c94f4e24e463d84ec859a866ea5fafec",
    "https://esm.sh/webidl-conversions@3.0.1?target=denonext": "4e20318d50528084616c79d7b3f6e7f0fe7b6d09013bd01b3974d7448d767e29",
    "https://esm.sh/whatwg-url@5.0.0/denonext/whatwg-url.mjs": "29b16d74ee72624c915745bbd25b617cfd2248c6af0f5120d131e232a9a9af79",
    "https://esm.sh/whatwg-url@5.0.0?target=denonext": "f001a2cadf81312d214ca330033f474e74d81a003e21e8c5d70a1f46dc97b02d"
  },
  "workspace": {
    "packageJson": {
      "dependencies": [
        "npm:@babel/plugin-proposal-export-namespace-from@^7.18.9",
        "npm:@babel/plugin-transform-modules-commonjs@^7.27.1",
        "npm:@babel/runtime@^7.27.6",
        "npm:@commitlint/cli@^20.1.0",
        "npm:@commitlint/config-conventional@20",
        "npm:@expo/metro-config@~0.18.11",
        "npm:@expo/metro-runtime@~3.2.3",
        "npm:@expo/vector-icons@^14.1.0",
        "npm:@invertase/react-native-apple-authentication@^2.4.1",
        "npm:@react-native-async-storage/async-storage@1.23.1",
        "npm:@react-native-community/cli-platform-android@^20.0.2",
        "npm:@react-native-community/cli-platform-ios@^20.0.2",
        "npm:@react-native-community/cli-server-api@^20.0.2",
        "npm:@react-native-community/datetimepicker@8.0.1",
        "npm:@react-native-community/netinfo@^11.4.1",
        "npm:@react-native-picker/picker@2.7.5",
        "npm:@react-navigation/bottom-tabs@^6.5.20",
        "npm:@react-navigation/native-stack@^6.11.0",
        "npm:@react-navigation/native@^6.1.17",
        "npm:@react-navigation/stack@^6.3.29",
        "npm:@sentry/react-native@^7.6.0",
        "npm:@supabase/supabase-js@^2.50.3",
        "npm:@tanstack/react-query@^5.90.2",
        "npm:@testing-library/jest-native@^5.4.3",
        "npm:@testing-library/react-native@^12.4.3",
        "npm:@types/jest@30",
        "npm:@types/react-native-vector-icons@^6.4.18",
        "npm:@types/tinycolor2@^1.4.6",
        "npm:@typescript-eslint/eslint-plugin@^8.38.0",
        "npm:@typescript-eslint/parser@^8.38.0",
        "npm:babel-plugin-module-resolver@^5.0.2",
        "npm:babel-plugin-transform-remove-console@^6.9.4",
        "npm:date-fns@^4.1.0",
        "npm:detox@^20.40.2",
        "npm:dotenv@^17.2.2",
        "npm:eslint-config-prettier@^10.1.8",
        "npm:eslint-plugin-react-hooks@^5.2.0",
        "npm:eslint-plugin-react@^7.37.5",
        "npm:eslint@^9.32.0",
        "npm:expo-apple-authentication@~6.4.2",
        "npm:expo-auth-session@~5.5.2",
        "npm:expo-av@~14.0.7",
        "npm:expo-blur@~13.0.3",
        "npm:expo-build-properties@~0.12.5",
        "npm:expo-clipboard@~6.0.3",
        "npm:expo-constants@~16.0.2",
        "npm:expo-crypto@~13.0.2",
        "npm:expo-dev-client@~4.0.29",
        "npm:expo-device@~6.0.2",
        "npm:expo-file-system@~17.0.1",
        "npm:expo-font@~12.0.10",
        "npm:expo-haptics@~13.0.1",
        "npm:expo-image-manipulator@^14.0.7",
        "npm:expo-image-picker@^17.0.8",
        "npm:expo-image@1.13",
        "npm:expo-linear-gradient@~13.0.2",
        "npm:expo-linking@~6.3.1",
        "npm:expo-local-authentication@^17.0.7",
        "npm:expo-notifications@~0.28.19",
        "npm:expo-secure-store@~13.0.2",
        "npm:expo-sharing@~12.0.1",
        "npm:expo-splash-screen@~0.27.7",
        "npm:expo-status-bar@~1.12.1",
        "npm:expo-updates@~0.25.28",
        "npm:expo-web-browser@~13.0.3",
        "npm:expo@51.0",
        "npm:find-up@8",
        "npm:globals@^16.3.0",
        "npm:husky@^9.1.7",
        "npm:jest-circus@^30.0.5",
        "npm:jest-expo@^54.0.12",
        "npm:jest@29.7",
        "npm:jsonwebtoken@^9.0.2",
        "npm:metro@~0.80.8",
        "npm:mixpanel-react-native@^3.1.2",
        "npm:nativewind@^4.1.23",
        "npm:patch-package@^8.0.1",
        "npm:prettier@^3.6.2",
        "npm:react-dom@18.2.0",
        "npm:react-native-calendars@^1.1313.0",
        "npm:react-native-confetti-cannon@^1.5.2",
        "npm:react-native-copilot@^3.3.3",
        "npm:react-native-gesture-handler@~2.16.1",
        "npm:react-native-modal@^14.0.0-rc.1",
        "npm:react-native-progress@^5.0.1",
        "npm:react-native-purchases@^9.5.4",
        "npm:react-native-qrcode-svg@^6.3.15",
        "npm:react-native-reanimated@~3.10.1",
        "npm:react-native-safe-area-context@4.10.5",
        "npm:react-native-screens@~3.31.1",
        "npm:react-native-select-dropdown@^4.0.1",
        "npm:react-native-svg@15.2.0",
        "npm:react-native-uuid@^2.0.3",
        "npm:react-native-vector-icons@^10.3.0",
        "npm:react-native-webview@13.8.6",
        "npm:react-native@0.74.5",
        "npm:react-test-renderer@18.2.0",
        "npm:react@18.2.0",
        "npm:tailwindcss-react-native@^1.7.10",
        "npm:tinycolor2@^1.6.0",
        "npm:typescript-eslint@^8.38.0",
        "npm:typescript@~5.3.3",
        "npm:zod@^3.25.76"
      ]
    }
  }
}
